{
  "originHash" : "66ca479ceebb452d9d42c79fea1b5f4f58d5afdd47f4f9347116786d8fe6b9cd",
  "pins" : [
    {
      "identity" : "mpvkit",
      "kind" : "remoteSourceControl",
      "location" : "https://github.com/mpvkit/MPVKit.git",
      "state" : {
        "revision" : "288527dffbc6d3e63cce147fc7b520c64a791603",
        "version" : "1.0.0"
      }
    },
    {
      "identity" : "particleaccelerator",
      "kind" : "remoteSourceControl",
      "location" : "https://github.com/AfterDuskAu/ParticleAccelerator",
      "state" : {
        "revision" : "19474f060a24ffa917ad1ba544d763336fd2efe2"
      }
    }
  ],
  "version" : 3
}
